// !$*UTF8*$!
{
	archiveVersion = 1;
	classes = {
	};
	objectVersion = 46;
	objects = {

/* Begin PBXBuildFile section */
		017882379B6E4C3BA1DE4498 /* Overlay@2x.png in Resources */ = {isa = PBXBuildFile; fileRef = 6C5DF808CEEE469EA0A8DE0B /* Overlay@2x.png */; };
		0207DA581B56EA530066E2B4 /* Images.xcassets in Resources */ = {isa = PBXBuildFile; fileRef = 0207DA571B56EA530066E2B4 /* Images.xcassets */; };
		0246B88C970C4781947A2573 /* AVFoundation.framework in Frameworks */ = {isa = PBXBuildFile; fileRef = 08608B465768499BB738C655 /* AVFoundation.framework */; };
		095B1DA863414D02A60CAB5A /* libz.tbd in Frameworks */ = {isa = PBXBuildFile; fileRef = A180237B40524497B39DF9FC /* libz.tbd */; };
		0BB05AADBE9B425FACBFE0B7 /* CDVDevice.m in Sources */ = {isa = PBXBuildFile; fileRef = 826B323833FD4199ABF9E5A2 /* CDVDevice.m */; };
		16BEEF1A81904D7E9B84DF22 /* CDVLocalFilesystem.m in Sources */ = {isa = PBXBuildFile; fileRef = 01B0DFD268B942179856C01A /* CDVLocalFilesystem.m */; };
		1D3623260D0F684500981E51 /* AppDelegate.m in Sources */ = {isa = PBXBuildFile; fileRef = 1D3623250D0F684500981E51 /* AppDelegate.m */; };
		1D60589B0D05DD56006BFB54 /* main.m in Sources */ = {isa = PBXBuildFile; fileRef = 29B97316FDCFA39411CA2CEA /* main.m */; };
		2717E08E11434B3A9C793E12 /* SOSPicker.m in Sources */ = {isa = PBXBuildFile; fileRef = 1281F8BFF73045788BAC4FD4 /* SOSPicker.m */; };
		2777E3C279464692B0DB8355 /* CDVJpegHeaderWriter.m in Sources */ = {isa = PBXBuildFile; fileRef = ED7090D601D345EA8A64CE6D /* CDVJpegHeaderWriter.m */; };
		2D4ED975A8A54A0CB718B6E5 /* CoreLocation.framework in Frameworks */ = {isa = PBXBuildFile; fileRef = 32572B21059143FBAA312DDC /* CoreLocation.framework */; };
		301BF552109A68D80062928A /* libCordova.a in Frameworks */ = {isa = PBXBuildFile; fileRef = 301BF535109A57CC0062928A /* libCordova.a */; };
		302D95F114D2391D003F00A1 /* MainViewController.m in Sources */ = {isa = PBXBuildFile; fileRef = 302D95EF14D2391D003F00A1 /* MainViewController.m */; };
		302D95F214D2391D003F00A1 /* MainViewController.xib in Resources */ = {isa = PBXBuildFile; fileRef = 302D95F014D2391D003F00A1 /* MainViewController.xib */; };
		311CE97589B541BFBB5BAD27 /* CoreTelephony.framework in Frameworks */ = {isa = PBXBuildFile; fileRef = 0669AC533C874950AF31A262 /* CoreTelephony.framework */; };
		31274A57AD424B65BB3F5626 /* ELCAsset.m in Sources */ = {isa = PBXBuildFile; fileRef = 20F5DA41ED244DE8844BE959 /* ELCAsset.m */; };
		333756DFE2BF43CF906E9796 /* QuartzCore.framework in Frameworks */ = {isa = PBXBuildFile; fileRef = B2A277E684584B01A8232AF8 /* QuartzCore.framework */; };
		3514BCEF8B134243ACCA6799 /* CDVLogger.m in Sources */ = {isa = PBXBuildFile; fileRef = EF39E11BEECD456DA366085E /* CDVLogger.m */; };
		3A83C874B255424EA99E08B9 /* FileOpener2.m in Sources */ = {isa = PBXBuildFile; fileRef = 2D2233E19B79408BA625938F /* FileOpener2.m */; };
		45C086897CA2474DB6F821B2 /* ELCAlbumPickerController.m in Sources */ = {isa = PBXBuildFile; fileRef = 0D8CA845A4674B95A2C94372 /* ELCAlbumPickerController.m */; };
		483FE02B3A264976947FBACB /* CDVAssetLibraryFilesystem.m in Sources */ = {isa = PBXBuildFile; fileRef = 7BE81990DF7D443CBA02393F /* CDVAssetLibraryFilesystem.m */; };
		4B0D73CC632D4901A03C398E /* ELCAssetPicker.xib in Resources */ = {isa = PBXBuildFile; fileRef = F24BD26987FA4151B6B37FDD /* ELCAssetPicker.xib */; };
		5188F04E2EF54DEC83BB5EC3 /* YoikScreenOrientation.m in Sources */ = {isa = PBXBuildFile; fileRef = E646567B249B47CB91F705CA /* YoikScreenOrientation.m */; };
		567CC121EB2846748EF5D79A /* CDVFile.m in Sources */ = {isa = PBXBuildFile; fileRef = 518F08F69A71401D9F2295F6 /* CDVFile.m */; };
		6034B0842A314B81B6A0499C /* ELCAssetCell.m in Sources */ = {isa = PBXBuildFile; fileRef = 74B29F4BEC8941F789540491 /* ELCAssetCell.m */; };
		6121515CCF634DC98A4D6A8F /* CDVWechat.m in Sources */ = {isa = PBXBuildFile; fileRef = E913E1CD67CD4D15B9D99906 /* CDVWechat.m */; };
		626541D6C5EF434D966AD3B2 /* libsqlite3.0.tbd in Frameworks */ = {isa = PBXBuildFile; fileRef = 8A272E75DC3A461B85A274C6 /* libsqlite3.0.tbd */; };
		6C6DB5DF58C14A3AAB829827 /* CDVSplashScreen.m in Sources */ = {isa = PBXBuildFile; fileRef = F6DB245E061F4A41A4E1120A /* CDVSplashScreen.m */; };
		709A0A096DD94DDDA0283CA3 /* Security.framework in Frameworks */ = {isa = PBXBuildFile; fileRef = 20CD3462183A4EF0BD328205 /* Security.framework */; };
		807B8419D8EA4E75B674A4F1 /* CFNetwork.framework in Frameworks */ = {isa = PBXBuildFile; fileRef = 17D7B000DA7047569CC2C6F2 /* CFNetwork.framework */; };
		84B1F2F0EF6849AC8A568795 /* CDVStatusBar.m in Sources */ = {isa = PBXBuildFile; fileRef = 5459A64185C8433884DEB108 /* CDVStatusBar.m */; };
		8AF97F0914EC43249F95405C /* ImageIO.framework in Frameworks */ = {isa = PBXBuildFile; fileRef = B3F3219A9D864DF8BF62AC43 /* ImageIO.framework */; settings = {ATTRIBUTES = (Weak, ); }; };
		959D7C7A0B114696A650D322 /* UIImage+CropScaleOrientation.m in Sources */ = {isa = PBXBuildFile; fileRef = A7092BFD3AEE44679ED35203 /* UIImage+CropScaleOrientation.m */; };
		A153567AC21B4F4BAAC4E2FF /* Toast.m in Sources */ = {isa = PBXBuildFile; fileRef = 845BB4D32F014AC9A260B277 /* Toast.m */; };
		B115B967DFB8404AA793CD33 /* ELCImagePickerController.m in Sources */ = {isa = PBXBuildFile; fileRef = 82EE6370FC5047DBAA32E515 /* ELCImagePickerController.m */; };
		B2052478D2A84155BAE6850B /* IonicKeyboard.m in Sources */ = {isa = PBXBuildFile; fileRef = D8A60BD239CD460FB86EC800 /* IonicKeyboard.m */; };
		BC0F43C489D34C9497A7F8C4 /* SystemConfiguration.framework in Frameworks */ = {isa = PBXBuildFile; fileRef = 1CB974BA495D47C8995C8B11 /* SystemConfiguration.framework */; };
		C27369C5925242EE88880001 /* ELCAlbumPickerController.xib in Resources */ = {isa = PBXBuildFile; fileRef = FA3F2154512343939D857751 /* ELCAlbumPickerController.xib */; };
		C3EED7FAB21C41519A096115 /* Toast+UIView.m in Sources */ = {isa = PBXBuildFile; fileRef = 8DA6157BE9924E3CBF2F8BFE /* Toast+UIView.m */; };
		C7964C3190FA4B7292265C1E /* libWeChatSDK.a in Frameworks */ = {isa = PBXBuildFile; fileRef = A6C3A010F060492B82F8FB95 /* libWeChatSDK.a */; };
		CB441CFB684A436AB6853D78 /* AppVersion.m in Sources */ = {isa = PBXBuildFile; fileRef = 7D3DAE0DDDE442EF83C2716F /* AppVersion.m */; };
		CB90AF22726B4D488E5A4988 /* Canvas2ImagePlugin.m in Sources */ = {isa = PBXBuildFile; fileRef = 6614F8150150424A86578C7F /* Canvas2ImagePlugin.m */; settings = {COMPILER_FLAGS = "-fno-objc-arc"; }; };
		D2018246E4404CABBC1D5597 /* CDVViewController+UpdateSupportedOrientations.m in Sources */ = {isa = PBXBuildFile; fileRef = 3E0A272D6A8845C6BB6B265C /* CDVViewController+UpdateSupportedOrientations.m */; };
		D85B030DC2744F6183BC4D36 /* Overlay.png in Resources */ = {isa = PBXBuildFile; fileRef = 1CCC599D5141474D9A5F9569 /* Overlay.png */; };
		E176F320F573491E9D46B76F /* CDVViewController+SplashScreen.m in Sources */ = {isa = PBXBuildFile; fileRef = F325DC8EC32C4CCDBF098F62 /* CDVViewController+SplashScreen.m */; };
		E4240A5E64E941FB82E83D7E /* ELCAssetTablePicker.xib in Resources */ = {isa = PBXBuildFile; fileRef = 2A1DE5558CE34BA097BDAF41 /* ELCAssetTablePicker.xib */; };
		E730725F53BD4DC0B2957CBD /* libstdc++.6.tbd in Frameworks */ = {isa = PBXBuildFile; fileRef = 209DB455CDE74B9DA1B2CBC2 /* libstdc++.6.tbd */; };
		EBA9A220D69C4D1E9967B69B /* ELCAssetTablePicker.m in Sources */ = {isa = PBXBuildFile; fileRef = 93CB2CC9DDA64D7AB84F8471 /* ELCAssetTablePicker.m */; };
		F403D40461494AA5A4070A18 /* CDVCamera.m in Sources */ = {isa = PBXBuildFile; fileRef = 126F0C14E9BB4542BE83B021 /* CDVCamera.m */; };
		F56125D04CC0442A8B56A68C /* CDVFileTransfer.m in Sources */ = {isa = PBXBuildFile; fileRef = 3FE7C19231B14C5ABFC9192B /* CDVFileTransfer.m */; };
/* End PBXBuildFile section */

/* Begin PBXContainerItemProxy section */
		301BF534109A57CC0062928A /* PBXContainerItemProxy */ = {
			isa = PBXContainerItemProxy;
			containerPortal = 301BF52D109A57CC0062928A /* CordovaLib.xcodeproj */;
			proxyType = 2;
			remoteGlobalIDString = D2AAC07E0554694100DB518D;
			remoteInfo = CordovaLib;
		};
		301BF550109A68C00062928A /* PBXContainerItemProxy */ = {
			isa = PBXContainerItemProxy;
			containerPortal = 301BF52D109A57CC0062928A /* CordovaLib.xcodeproj */;
			proxyType = 1;
			remoteGlobalIDString = D2AAC07D0554694100DB518D;
			remoteInfo = CordovaLib;
		};
/* End PBXContainerItemProxy section */

/* Begin PBXFileReference section */
		01B0DFD268B942179856C01A /* CDVLocalFilesystem.m */ = {isa = PBXFileReference; explicitFileType = undefined; fileEncoding = 4; includeInIndex = 0; lastKnownFileType = sourcecode.c.objc; name = CDVLocalFilesystem.m; path = "cordova-plugin-file/CDVLocalFilesystem.m"; sourceTree = "<group>"; };
		0207DA571B56EA530066E2B4 /* Images.xcassets */ = {isa = PBXFileReference; lastKnownFileType = folder.assetcatalog; name = Images.xcassets; path = "直播潞安/Images.xcassets"; sourceTree = SOURCE_ROOT; };
		034941311FB141628DCA102A /* CDVLogger.h */ = {isa = PBXFileReference; explicitFileType = undefined; fileEncoding = 4; includeInIndex = 0; lastKnownFileType = sourcecode.c.h; name = CDVLogger.h; path = "cordova-plugin-console/CDVLogger.h"; sourceTree = "<group>"; };
		046B7270594C434195A876FF /* FileOpener2.h */ = {isa = PBXFileReference; explicitFileType = undefined; fileEncoding = 4; includeInIndex = 0; lastKnownFileType = sourcecode.c.h; name = FileOpener2.h; path = "cordova-plugin-file-opener2/FileOpener2.h"; sourceTree = "<group>"; };
		0669AC533C874950AF31A262 /* CoreTelephony.framework */ = {isa = PBXFileReference; explicitFileType = undefined; fileEncoding = 9; includeInIndex = 0; lastKnownFileType = wrapper.framework; name = CoreTelephony.framework; path = System/Library/Frameworks/CoreTelephony.framework; sourceTree = SDKROOT; };
		08608B465768499BB738C655 /* AVFoundation.framework */ = {isa = PBXFileReference; explicitFileType = undefined; fileEncoding = 9; includeInIndex = 0; lastKnownFileType = wrapper.framework; name = AVFoundation.framework; path = System/Library/Frameworks/AVFoundation.framework; sourceTree = SDKROOT; };
		0B49D4D689344F469BD2A5CE /* CDVFile.h */ = {isa = PBXFileReference; explicitFileType = undefined; fileEncoding = 4; includeInIndex = 0; lastKnownFileType = sourcecode.c.h; name = CDVFile.h; path = "cordova-plugin-file/CDVFile.h"; sourceTree = "<group>"; };
		0D8CA845A4674B95A2C94372 /* ELCAlbumPickerController.m */ = {isa = PBXFileReference; explicitFileType = undefined; fileEncoding = 4; includeInIndex = 0; lastKnownFileType = sourcecode.c.objc; name = ELCAlbumPickerController.m; path = "cordova-plugin-image-picker/ELCAlbumPickerController.m"; sourceTree = "<group>"; };
		126F0C14E9BB4542BE83B021 /* CDVCamera.m */ = {isa = PBXFileReference; explicitFileType = undefined; fileEncoding = 4; includeInIndex = 0; lastKnownFileType = sourcecode.c.objc; name = CDVCamera.m; path = "cordova-plugin-camera/CDVCamera.m"; sourceTree = "<group>"; };
		1281F8BFF73045788BAC4FD4 /* SOSPicker.m */ = {isa = PBXFileReference; explicitFileType = undefined; fileEncoding = 4; includeInIndex = 0; lastKnownFileType = sourcecode.c.objc; name = SOSPicker.m; path = "cordova-plugin-image-picker/SOSPicker.m"; sourceTree = "<group>"; };
		177FD4CDBF7D4FC08EEF2339 /* CDVFileTransfer.h */ = {isa = PBXFileReference; explicitFileType = undefined; fileEncoding = 4; includeInIndex = 0; lastKnownFileType = sourcecode.c.h; name = CDVFileTransfer.h; path = "cordova-plugin-file-transfer/CDVFileTransfer.h"; sourceTree = "<group>"; };
		17D7B000DA7047569CC2C6F2 /* CFNetwork.framework */ = {isa = PBXFileReference; explicitFileType = undefined; fileEncoding = 9; includeInIndex = 0; lastKnownFileType = wrapper.framework; name = CFNetwork.framework; path = System/Library/Frameworks/CFNetwork.framework; sourceTree = SDKROOT; };
		1CB974BA495D47C8995C8B11 /* SystemConfiguration.framework */ = {isa = PBXFileReference; explicitFileType = undefined; fileEncoding = 9; includeInIndex = 0; lastKnownFileType = wrapper.framework; name = SystemConfiguration.framework; path = System/Library/Frameworks/SystemConfiguration.framework; sourceTree = SDKROOT; };
		1CCC599D5141474D9A5F9569 /* Overlay.png */ = {isa = PBXFileReference; explicitFileType = undefined; fileEncoding = 9; includeInIndex = 0; lastKnownFileType = unknown; path = Overlay.png; sourceTree = "<group>"; };
		1D3623240D0F684500981E51 /* AppDelegate.h */ = {isa = PBXFileReference; fileEncoding = 4; lastKnownFileType = sourcecode.c.h; path = AppDelegate.h; sourceTree = "<group>"; };
		1D3623250D0F684500981E51 /* AppDelegate.m */ = {isa = PBXFileReference; fileEncoding = 4; lastKnownFileType = sourcecode.c.objc; path = AppDelegate.m; sourceTree = "<group>"; };
		1D6058910D05DD3D006BFB54 /* 直播潞安.app */ = {isa = PBXFileReference; explicitFileType = wrapper.application; includeInIndex = 0; path = "直播潞安.app"; sourceTree = BUILT_PRODUCTS_DIR; };
		209DB455CDE74B9DA1B2CBC2 /* libstdc++.6.tbd */ = {isa = PBXFileReference; explicitFileType = undefined; fileEncoding = 9; includeInIndex = 0; lastKnownFileType = "sourcecode.text-based-dylib-definition"; name = "libstdc++.6.tbd"; path = "usr/lib/libstdc++.6.tbd"; sourceTree = SDKROOT; };
		20CD3462183A4EF0BD328205 /* Security.framework */ = {isa = PBXFileReference; explicitFileType = undefined; fileEncoding = 9; includeInIndex = 0; lastKnownFileType = wrapper.framework; name = Security.framework; path = System/Library/Frameworks/Security.framework; sourceTree = SDKROOT; };
		20F5DA41ED244DE8844BE959 /* ELCAsset.m */ = {isa = PBXFileReference; explicitFileType = undefined; fileEncoding = 4; includeInIndex = 0; lastKnownFileType = sourcecode.c.objc; name = ELCAsset.m; path = "cordova-plugin-image-picker/ELCAsset.m"; sourceTree = "<group>"; };
		29B97316FDCFA39411CA2CEA /* main.m */ = {isa = PBXFileReference; fileEncoding = 4; lastKnownFileType = sourcecode.c.objc; path = main.m; sourceTree = "<group>"; };
		2A1DE5558CE34BA097BDAF41 /* ELCAssetTablePicker.xib */ = {isa = PBXFileReference; explicitFileType = undefined; fileEncoding = 9; includeInIndex = 0; lastKnownFileType = file.xib; path = ELCAssetTablePicker.xib; sourceTree = "<group>"; };
		2D2233E19B79408BA625938F /* FileOpener2.m */ = {isa = PBXFileReference; explicitFileType = undefined; fileEncoding = 4; includeInIndex = 0; lastKnownFileType = sourcecode.c.objc; name = FileOpener2.m; path = "cordova-plugin-file-opener2/FileOpener2.m"; sourceTree = "<group>"; };
		301BF52D109A57CC0062928A /* CordovaLib.xcodeproj */ = {isa = PBXFileReference; lastKnownFileType = "wrapper.pb-project"; name = CordovaLib.xcodeproj; path = CordovaLib/CordovaLib.xcodeproj; sourceTree = "<group>"; };
		301BF56E109A69640062928A /* www */ = {isa = PBXFileReference; lastKnownFileType = folder; path = www; sourceTree = SOURCE_ROOT; };
		302D95EE14D2391D003F00A1 /* MainViewController.h */ = {isa = PBXFileReference; fileEncoding = 4; lastKnownFileType = sourcecode.c.h; path = MainViewController.h; sourceTree = "<group>"; };
		302D95EF14D2391D003F00A1 /* MainViewController.m */ = {isa = PBXFileReference; fileEncoding = 4; lastKnownFileType = sourcecode.c.objc; path = MainViewController.m; sourceTree = "<group>"; };
		302D95F014D2391D003F00A1 /* MainViewController.xib */ = {isa = PBXFileReference; fileEncoding = 4; lastKnownFileType = file.xib; path = MainViewController.xib; sourceTree = "<group>"; };
		3047A50F1AB8059700498E2A /* build-debug.xcconfig */ = {isa = PBXFileReference; fileEncoding = 4; lastKnownFileType = text.xcconfig; name = "build-debug.xcconfig"; path = "cordova/build-debug.xcconfig"; sourceTree = SOURCE_ROOT; };
		3047A5101AB8059700498E2A /* build-release.xcconfig */ = {isa = PBXFileReference; fileEncoding = 4; lastKnownFileType = text.xcconfig; name = "build-release.xcconfig"; path = "cordova/build-release.xcconfig"; sourceTree = SOURCE_ROOT; };
		3047A5111AB8059700498E2A /* build.xcconfig */ = {isa = PBXFileReference; fileEncoding = 4; lastKnownFileType = text.xcconfig; name = build.xcconfig; path = cordova/build.xcconfig; sourceTree = SOURCE_ROOT; };
		32572B21059143FBAA312DDC /* CoreLocation.framework */ = {isa = PBXFileReference; explicitFileType = undefined; fileEncoding = 9; includeInIndex = 0; lastKnownFileType = wrapper.framework; name = CoreLocation.framework; path = System/Library/Frameworks/CoreLocation.framework; sourceTree = SDKROOT; };
		32CA4F630368D1EE00C91783 /* 直播潞安-Prefix.pch */ = {isa = PBXFileReference; fileEncoding = 4; lastKnownFileType = sourcecode.c.h; path = "直播潞安-Prefix.pch"; sourceTree = "<group>"; };
		3E0A272D6A8845C6BB6B265C /* CDVViewController+UpdateSupportedOrientations.m */ = {isa = PBXFileReference; explicitFileType = undefined; fileEncoding = 4; includeInIndex = 0; lastKnownFileType = sourcecode.c.objc; name = "CDVViewController+UpdateSupportedOrientations.m"; path = "cordova-plugin-screen-orientation/CDVViewController+UpdateSupportedOrientations.m"; sourceTree = "<group>"; };
		3FE7C19231B14C5ABFC9192B /* CDVFileTransfer.m */ = {isa = PBXFileReference; explicitFileType = undefined; fileEncoding = 4; includeInIndex = 0; lastKnownFileType = sourcecode.c.objc; name = CDVFileTransfer.m; path = "cordova-plugin-file-transfer/CDVFileTransfer.m"; sourceTree = "<group>"; };
		463DB434C9764B2B9B426D4D /* CDVCamera.h */ = {isa = PBXFileReference; explicitFileType = undefined; fileEncoding = 4; includeInIndex = 0; lastKnownFileType = sourcecode.c.h; name = CDVCamera.h; path = "cordova-plugin-camera/CDVCamera.h"; sourceTree = "<group>"; };
		518F08F69A71401D9F2295F6 /* CDVFile.m */ = {isa = PBXFileReference; explicitFileType = undefined; fileEncoding = 4; includeInIndex = 0; lastKnownFileType = sourcecode.c.objc; name = CDVFile.m; path = "cordova-plugin-file/CDVFile.m"; sourceTree = "<group>"; };
		5459A64185C8433884DEB108 /* CDVStatusBar.m */ = {isa = PBXFileReference; explicitFileType = undefined; fileEncoding = 4; includeInIndex = 0; lastKnownFileType = sourcecode.c.objc; name = CDVStatusBar.m; path = "cordova-plugin-statusbar/CDVStatusBar.m"; sourceTree = "<group>"; };
		5D5CD6C1785F44ADA1D5BA39 /* ELCImagePickerController.h */ = {isa = PBXFileReference; explicitFileType = undefined; fileEncoding = 4; includeInIndex = 0; lastKnownFileType = sourcecode.c.h; name = ELCImagePickerController.h; path = "cordova-plugin-image-picker/ELCImagePickerController.h"; sourceTree = "<group>"; };
		5E4C7B0C69244759935671DA /* YoikScreenOrientation.h */ = {isa = PBXFileReference; explicitFileType = undefined; fileEncoding = 4; includeInIndex = 0; lastKnownFileType = sourcecode.c.h; name = YoikScreenOrientation.h; path = "cordova-plugin-screen-orientation/YoikScreenOrientation.h"; sourceTree = "<group>"; };
		5F8328D7ACF14393B580E51B /* Canvas2ImagePlugin.h */ = {isa = PBXFileReference; explicitFileType = undefined; fileEncoding = 4; includeInIndex = 0; lastKnownFileType = sourcecode.c.h; name = Canvas2ImagePlugin.h; path = org.devgeeks.Canvas2ImagePlugin/Canvas2ImagePlugin.h; sourceTree = "<group>"; };
		6475D250691A4F1EBA0FA6FB /* CDVAssetLibraryFilesystem.h */ = {isa = PBXFileReference; explicitFileType = undefined; fileEncoding = 4; includeInIndex = 0; lastKnownFileType = sourcecode.c.h; name = CDVAssetLibraryFilesystem.h; path = "cordova-plugin-file/CDVAssetLibraryFilesystem.h"; sourceTree = "<group>"; };
		6614F8150150424A86578C7F /* Canvas2ImagePlugin.m */ = {isa = PBXFileReference; explicitFileType = undefined; fileEncoding = 4; includeInIndex = 0; lastKnownFileType = sourcecode.c.objc; name = Canvas2ImagePlugin.m; path = org.devgeeks.Canvas2ImagePlugin/Canvas2ImagePlugin.m; sourceTree = "<group>"; };
		6B58B22FAADD4CCE8253016D /* CDVDevice.h */ = {isa = PBXFileReference; explicitFileType = undefined; fileEncoding = 4; includeInIndex = 0; lastKnownFileType = sourcecode.c.h; name = CDVDevice.h; path = "cordova-plugin-device/CDVDevice.h"; sourceTree = "<group>"; };
		6C5DF808CEEE469EA0A8DE0B /* Overlay@2x.png */ = {isa = PBXFileReference; explicitFileType = undefined; fileEncoding = 9; includeInIndex = 0; lastKnownFileType = unknown; path = "Overlay@2x.png"; sourceTree = "<group>"; };
		6DE98C3B688F498FB9FF40B4 /* AppVersion.h */ = {isa = PBXFileReference; explicitFileType = undefined; fileEncoding = 4; includeInIndex = 0; lastKnownFileType = sourcecode.c.h; name = AppVersion.h; path = "cordova-plugin-app-version/AppVersion.h"; sourceTree = "<group>"; };
		6E73AB90F683449B9797D72B /* CDVSplashScreen.h */ = {isa = PBXFileReference; explicitFileType = undefined; fileEncoding = 4; includeInIndex = 0; lastKnownFileType = sourcecode.c.h; name = CDVSplashScreen.h; path = "cordova-plugin-splashscreen/CDVSplashScreen.h"; sourceTree = "<group>"; };
		74B29F4BEC8941F789540491 /* ELCAssetCell.m */ = {isa = PBXFileReference; explicitFileType = undefined; fileEncoding = 4; includeInIndex = 0; lastKnownFileType = sourcecode.c.objc; name = ELCAssetCell.m; path = "cordova-plugin-image-picker/ELCAssetCell.m"; sourceTree = "<group>"; };
		7BE81990DF7D443CBA02393F /* CDVAssetLibraryFilesystem.m */ = {isa = PBXFileReference; explicitFileType = undefined; fileEncoding = 4; includeInIndex = 0; lastKnownFileType = sourcecode.c.objc; name = CDVAssetLibraryFilesystem.m; path = "cordova-plugin-file/CDVAssetLibraryFilesystem.m"; sourceTree = "<group>"; };
		7C6C980382FF42B0810AF086 /* CDVViewController+SplashScreen.h */ = {isa = PBXFileReference; explicitFileType = undefined; fileEncoding = 4; includeInIndex = 0; lastKnownFileType = sourcecode.c.h; name = "CDVViewController+SplashScreen.h"; path = "cordova-plugin-splashscreen/CDVViewController+SplashScreen.h"; sourceTree = "<group>"; };
		7D3DAE0DDDE442EF83C2716F /* AppVersion.m */ = {isa = PBXFileReference; explicitFileType = undefined; fileEncoding = 4; includeInIndex = 0; lastKnownFileType = sourcecode.c.objc; name = AppVersion.m; path = "cordova-plugin-app-version/AppVersion.m"; sourceTree = "<group>"; };
		7E77AF57C49C4E50A7CDAA78 /* CDVLocalFilesystem.h */ = {isa = PBXFileReference; explicitFileType = undefined; fileEncoding = 4; includeInIndex = 0; lastKnownFileType = sourcecode.c.h; name = CDVLocalFilesystem.h; path = "cordova-plugin-file/CDVLocalFilesystem.h"; sourceTree = "<group>"; };
		826B323833FD4199ABF9E5A2 /* CDVDevice.m */ = {isa = PBXFileReference; explicitFileType = undefined; fileEncoding = 4; includeInIndex = 0; lastKnownFileType = sourcecode.c.objc; name = CDVDevice.m; path = "cordova-plugin-device/CDVDevice.m"; sourceTree = "<group>"; };
		82EE6370FC5047DBAA32E515 /* ELCImagePickerController.m */ = {isa = PBXFileReference; explicitFileType = undefined; fileEncoding = 4; includeInIndex = 0; lastKnownFileType = sourcecode.c.objc; name = ELCImagePickerController.m; path = "cordova-plugin-image-picker/ELCImagePickerController.m"; sourceTree = "<group>"; };
		845BB4D32F014AC9A260B277 /* Toast.m */ = {isa = PBXFileReference; explicitFileType = undefined; fileEncoding = 4; includeInIndex = 0; lastKnownFileType = sourcecode.c.objc; name = Toast.m; path = "cordova-plugin-x-toast/Toast.m"; sourceTree = "<group>"; };
		85322778336F4DD99B2740BA /* SOSPicker.h */ = {isa = PBXFileReference; explicitFileType = undefined; fileEncoding = 4; includeInIndex = 0; lastKnownFileType = sourcecode.c.h; name = SOSPicker.h; path = "cordova-plugin-image-picker/SOSPicker.h"; sourceTree = "<group>"; };
		86A442EC373142378BB3B92F /* Toast+UIView.h */ = {isa = PBXFileReference; explicitFileType = undefined; fileEncoding = 4; includeInIndex = 0; lastKnownFileType = sourcecode.c.h; name = "Toast+UIView.h"; path = "cordova-plugin-x-toast/Toast+UIView.h"; sourceTree = "<group>"; };
		8A272E75DC3A461B85A274C6 /* libsqlite3.0.tbd */ = {isa = PBXFileReference; explicitFileType = undefined; fileEncoding = 9; includeInIndex = 0; lastKnownFileType = "sourcecode.text-based-dylib-definition"; name = libsqlite3.0.tbd; path = usr/lib/libsqlite3.0.tbd; sourceTree = SDKROOT; };
		8D1107310486CEB800E47090 /* 直播潞安-Info.plist */ = {isa = PBXFileReference; fileEncoding = 4; lastKnownFileType = text.plist.xml; name = "直播潞安-Info.plist"; path = "直播潞安/直播潞安-Info.plist"; plistStructureDefinitionIdentifier = "com.apple.xcode.plist.structure-definition.iphone.info-plist"; sourceTree = SOURCE_ROOT; };
		8DA6157BE9924E3CBF2F8BFE /* Toast+UIView.m */ = {isa = PBXFileReference; explicitFileType = undefined; fileEncoding = 4; includeInIndex = 0; lastKnownFileType = sourcecode.c.objc; name = "Toast+UIView.m"; path = "cordova-plugin-x-toast/Toast+UIView.m"; sourceTree = "<group>"; };
		8E74FDD786FB4F51A8AA64B9 /* ELCAssetPickerFilterDelegate.h */ = {isa = PBXFileReference; explicitFileType = undefined; fileEncoding = 4; includeInIndex = 0; lastKnownFileType = sourcecode.c.h; name = ELCAssetPickerFilterDelegate.h; path = "cordova-plugin-image-picker/ELCAssetPickerFilterDelegate.h"; sourceTree = "<group>"; };
		93CB2CC9DDA64D7AB84F8471 /* ELCAssetTablePicker.m */ = {isa = PBXFileReference; explicitFileType = undefined; fileEncoding = 4; includeInIndex = 0; lastKnownFileType = sourcecode.c.objc; name = ELCAssetTablePicker.m; path = "cordova-plugin-image-picker/ELCAssetTablePicker.m"; sourceTree = "<group>"; };
		95B198108A4F47BCAAB8FD83 /* IonicKeyboard.h */ = {isa = PBXFileReference; explicitFileType = undefined; fileEncoding = 4; includeInIndex = 0; lastKnownFileType = sourcecode.c.h; name = IonicKeyboard.h; path = "ionic-plugin-keyboard/IonicKeyboard.h"; sourceTree = "<group>"; };
		97B03F94D1514F9681A84802 /* Toast.h */ = {isa = PBXFileReference; explicitFileType = undefined; fileEncoding = 4; includeInIndex = 0; lastKnownFileType = sourcecode.c.h; name = Toast.h; path = "cordova-plugin-x-toast/Toast.h"; sourceTree = "<group>"; };
		99ABABEAEDC342748AD8E862 /* WXApi.h */ = {isa = PBXFileReference; explicitFileType = undefined; fileEncoding = 4; includeInIndex = 0; lastKnownFileType = sourcecode.c.h; name = WXApi.h; path = "cordova-plugin-wechat/WXApi.h"; sourceTree = "<group>"; };
		A180237B40524497B39DF9FC /* libz.tbd */ = {isa = PBXFileReference; explicitFileType = undefined; fileEncoding = 9; includeInIndex = 0; lastKnownFileType = "sourcecode.text-based-dylib-definition"; name = libz.tbd; path = usr/lib/libz.tbd; sourceTree = SDKROOT; };
		A1B8C5602CFD46AE8B72D4F9 /* CDVExif.h */ = {isa = PBXFileReference; explicitFileType = undefined; fileEncoding = 4; includeInIndex = 0; lastKnownFileType = sourcecode.c.h; name = CDVExif.h; path = "cordova-plugin-camera/CDVExif.h"; sourceTree = "<group>"; };
		A2308B1E58984C82B543316F /* ELCAssetCell.h */ = {isa = PBXFileReference; explicitFileType = undefined; fileEncoding = 4; includeInIndex = 0; lastKnownFileType = sourcecode.c.h; name = ELCAssetCell.h; path = "cordova-plugin-image-picker/ELCAssetCell.h"; sourceTree = "<group>"; };
		A6C3A010F060492B82F8FB95 /* libWeChatSDK.a */ = {isa = PBXFileReference; explicitFileType = undefined; fileEncoding = 9; includeInIndex = 0; lastKnownFileType = archive.ar; name = libWeChatSDK.a; path = "直播潞安/Plugins/cordova-plugin-wechat/libWeChatSDK.a"; sourceTree = "<group>"; };
		A7092BFD3AEE44679ED35203 /* UIImage+CropScaleOrientation.m */ = {isa = PBXFileReference; explicitFileType = undefined; fileEncoding = 4; includeInIndex = 0; lastKnownFileType = sourcecode.c.objc; name = "UIImage+CropScaleOrientation.m"; path = "cordova-plugin-camera/UIImage+CropScaleOrientation.m"; sourceTree = "<group>"; };
		A753944E1E7040809548C15F /* WXApiObject.h */ = {isa = PBXFileReference; explicitFileType = undefined; fileEncoding = 4; includeInIndex = 0; lastKnownFileType = sourcecode.c.h; name = WXApiObject.h; path = "cordova-plugin-wechat/WXApiObject.h"; sourceTree = "<group>"; };
		B2A277E684584B01A8232AF8 /* QuartzCore.framework */ = {isa = PBXFileReference; explicitFileType = undefined; fileEncoding = 9; includeInIndex = 0; lastKnownFileType = wrapper.framework; name = QuartzCore.framework; path = System/Library/Frameworks/QuartzCore.framework; sourceTree = SDKROOT; };
		B3F3219A9D864DF8BF62AC43 /* ImageIO.framework */ = {isa = PBXFileReference; explicitFileType = undefined; fileEncoding = 9; includeInIndex = 0; lastKnownFileType = wrapper.framework; name = ImageIO.framework; path = System/Library/Frameworks/ImageIO.framework; sourceTree = SDKROOT; };
		B53D3829B5D8426AA299A7CA /* ELCAsset.h */ = {isa = PBXFileReference; explicitFileType = undefined; fileEncoding = 4; includeInIndex = 0; lastKnownFileType = sourcecode.c.h; name = ELCAsset.h; path = "cordova-plugin-image-picker/ELCAsset.h"; sourceTree = "<group>"; };
		C45507098FFC42B8A1D9BD46 /* CDVStatusBar.h */ = {isa = PBXFileReference; explicitFileType = undefined; fileEncoding = 4; includeInIndex = 0; lastKnownFileType = sourcecode.c.h; name = CDVStatusBar.h; path = "cordova-plugin-statusbar/CDVStatusBar.h"; sourceTree = "<group>"; };
		D8A60BD239CD460FB86EC800 /* IonicKeyboard.m */ = {isa = PBXFileReference; explicitFileType = undefined; fileEncoding = 4; includeInIndex = 0; lastKnownFileType = sourcecode.c.objc; name = IonicKeyboard.m; path = "ionic-plugin-keyboard/IonicKeyboard.m"; sourceTree = "<group>"; };
		D97AABBB8A824994994B2923 /* UIImage+CropScaleOrientation.h */ = {isa = PBXFileReference; explicitFileType = undefined; fileEncoding = 4; includeInIndex = 0; lastKnownFileType = sourcecode.c.h; name = "UIImage+CropScaleOrientation.h"; path = "cordova-plugin-camera/UIImage+CropScaleOrientation.h"; sourceTree = "<group>"; };
		E646567B249B47CB91F705CA /* YoikScreenOrientation.m */ = {isa = PBXFileReference; explicitFileType = undefined; fileEncoding = 4; includeInIndex = 0; lastKnownFileType = sourcecode.c.objc; name = YoikScreenOrientation.m; path = "cordova-plugin-screen-orientation/YoikScreenOrientation.m"; sourceTree = "<group>"; };
		E913E1CD67CD4D15B9D99906 /* CDVWechat.m */ = {isa = PBXFileReference; explicitFileType = undefined; fileEncoding = 4; includeInIndex = 0; lastKnownFileType = sourcecode.c.objc; name = CDVWechat.m; path = "cordova-plugin-wechat/CDVWechat.m"; sourceTree = "<group>"; };
		EB87FDF31871DA8E0020F90C /* www */ = {isa = PBXFileReference; lastKnownFileType = folder; name = www; path = ../../www; sourceTree = "<group>"; };
		EB87FDF41871DAF40020F90C /* config.xml */ = {isa = PBXFileReference; lastKnownFileType = text.xml; name = config.xml; path = ../../config.xml; sourceTree = "<group>"; };
		ED33DF2A687741AEAF9F8254 /* Bridging-Header.h */ = {isa = PBXFileReference; fileEncoding = 4; lastKnownFileType = sourcecode.c.h; path = "Bridging-Header.h"; sourceTree = "<group>"; };
		ED7090D601D345EA8A64CE6D /* CDVJpegHeaderWriter.m */ = {isa = PBXFileReference; explicitFileType = undefined; fileEncoding = 4; includeInIndex = 0; lastKnownFileType = sourcecode.c.objc; name = CDVJpegHeaderWriter.m; path = "cordova-plugin-camera/CDVJpegHeaderWriter.m"; sourceTree = "<group>"; };
		EF0E833521B0444AA9A6C5C9 /* ELCAlbumPickerController.h */ = {isa = PBXFileReference; explicitFileType = undefined; fileEncoding = 4; includeInIndex = 0; lastKnownFileType = sourcecode.c.h; name = ELCAlbumPickerController.h; path = "cordova-plugin-image-picker/ELCAlbumPickerController.h"; sourceTree = "<group>"; };
		EF39E11BEECD456DA366085E /* CDVLogger.m */ = {isa = PBXFileReference; explicitFileType = undefined; fileEncoding = 4; includeInIndex = 0; lastKnownFileType = sourcecode.c.objc; name = CDVLogger.m; path = "cordova-plugin-console/CDVLogger.m"; sourceTree = "<group>"; };
		F24BD26987FA4151B6B37FDD /* ELCAssetPicker.xib */ = {isa = PBXFileReference; explicitFileType = undefined; fileEncoding = 9; includeInIndex = 0; lastKnownFileType = file.xib; path = ELCAssetPicker.xib; sourceTree = "<group>"; };
		F2BEFD7AE75443CBAB0A9845 /* CDVWechat.h */ = {isa = PBXFileReference; explicitFileType = undefined; fileEncoding = 4; includeInIndex = 0; lastKnownFileType = sourcecode.c.h; name = CDVWechat.h; path = "cordova-plugin-wechat/CDVWechat.h"; sourceTree = "<group>"; };
		F325DC8EC32C4CCDBF098F62 /* CDVViewController+SplashScreen.m */ = {isa = PBXFileReference; explicitFileType = undefined; fileEncoding = 4; includeInIndex = 0; lastKnownFileType = sourcecode.c.objc; name = "CDVViewController+SplashScreen.m"; path = "cordova-plugin-splashscreen/CDVViewController+SplashScreen.m"; sourceTree = "<group>"; };
		F5831A0039E3480DB9D3F8F6 /* CDVJpegHeaderWriter.h */ = {isa = PBXFileReference; explicitFileType = undefined; fileEncoding = 4; includeInIndex = 0; lastKnownFileType = sourcecode.c.h; name = CDVJpegHeaderWriter.h; path = "cordova-plugin-camera/CDVJpegHeaderWriter.h"; sourceTree = "<group>"; };
		F6DB245E061F4A41A4E1120A /* CDVSplashScreen.m */ = {isa = PBXFileReference; explicitFileType = undefined; fileEncoding = 4; includeInIndex = 0; lastKnownFileType = sourcecode.c.objc; name = CDVSplashScreen.m; path = "cordova-plugin-splashscreen/CDVSplashScreen.m"; sourceTree = "<group>"; };
		F840E1F0165FE0F500CFE078 /* config.xml */ = {isa = PBXFileReference; lastKnownFileType = text.xml; name = config.xml; path = "直播潞安/config.xml"; sourceTree = "<group>"; };
		FA3F2154512343939D857751 /* ELCAlbumPickerController.xib */ = {isa = PBXFileReference; explicitFileType = undefined; fileEncoding = 9; includeInIndex = 0; lastKnownFileType = file.xib; path = ELCAlbumPickerController.xib; sourceTree = "<group>"; };
		FD0DACB67B704911BDAE276D /* ELCAssetSelectionDelegate.h */ = {isa = PBXFileReference; explicitFileType = undefined; fileEncoding = 4; includeInIndex = 0; lastKnownFileType = sourcecode.c.h; name = ELCAssetSelectionDelegate.h; path = "cordova-plugin-image-picker/ELCAssetSelectionDelegate.h"; sourceTree = "<group>"; };
		FD8E88AA0AF94D0099A2B96B /* CDVViewController+UpdateSupportedOrientations.h */ = {isa = PBXFileReference; explicitFileType = undefined; fileEncoding = 4; includeInIndex = 0; lastKnownFileType = sourcecode.c.h; name = "CDVViewController+UpdateSupportedOrientations.h"; path = "cordova-plugin-screen-orientation/CDVViewController+UpdateSupportedOrientations.h"; sourceTree = "<group>"; };
		FF25B831B1334EC481D0CE86 /* ELCAssetTablePicker.h */ = {isa = PBXFileReference; explicitFileType = undefined; fileEncoding = 4; includeInIndex = 0; lastKnownFileType = sourcecode.c.h; name = ELCAssetTablePicker.h; path = "cordova-plugin-image-picker/ELCAssetTablePicker.h"; sourceTree = "<group>"; };
/* End PBXFileReference section */

/* Begin PBXFrameworksBuildPhase section */
		1D60588F0D05DD3D006BFB54 /* Frameworks */ = {
			isa = PBXFrameworksBuildPhase;
			buildActionMask = 2147483647;
			files = (
				301BF552109A68D80062928A /* libCordova.a in Frameworks */,
				8AF97F0914EC43249F95405C /* ImageIO.framework in Frameworks */,
				2D4ED975A8A54A0CB718B6E5 /* CoreLocation.framework in Frameworks */,
				0246B88C970C4781947A2573 /* AVFoundation.framework in Frameworks */,
				333756DFE2BF43CF906E9796 /* QuartzCore.framework in Frameworks */,
				C7964C3190FA4B7292265C1E /* libWeChatSDK.a in Frameworks */,
				095B1DA863414D02A60CAB5A /* libz.tbd in Frameworks */,
				626541D6C5EF434D966AD3B2 /* libsqlite3.0.tbd in Frameworks */,
				311CE97589B541BFBB5BAD27 /* CoreTelephony.framework in Frameworks */,
				BC0F43C489D34C9497A7F8C4 /* SystemConfiguration.framework in Frameworks */,
				709A0A096DD94DDDA0283CA3 /* Security.framework in Frameworks */,
				807B8419D8EA4E75B674A4F1 /* CFNetwork.framework in Frameworks */,
				E730725F53BD4DC0B2957CBD /* libstdc++.6.tbd in Frameworks */,
			);
			runOnlyForDeploymentPostprocessing = 0;
		};
/* End PBXFrameworksBuildPhase section */

/* Begin PBXGroup section */
		080E96DDFE201D6D7F000001 /* Classes */ = {
			isa = PBXGroup;
			children = (
				302D95EE14D2391D003F00A1 /* MainViewController.h */,
				302D95EF14D2391D003F00A1 /* MainViewController.m */,
				302D95F014D2391D003F00A1 /* MainViewController.xib */,
				1D3623240D0F684500981E51 /* AppDelegate.h */,
				1D3623250D0F684500981E51 /* AppDelegate.m */,
			);
			name = Classes;
			path = "直播潞安/Classes";
			sourceTree = SOURCE_ROOT;
		};
		19C28FACFE9D520D11CA2CBB /* Products */ = {
			isa = PBXGroup;
			children = (
				1D6058910D05DD3D006BFB54 /* 直播潞安.app */,
			);
			name = Products;
			sourceTree = "<group>";
		};
		29B97314FDCFA39411CA2CEA /* CustomTemplate */ = {
			isa = PBXGroup;
			children = (
				EB87FDF41871DAF40020F90C /* config.xml */,
				EB87FDF31871DA8E0020F90C /* www */,
				EB87FDF11871DA420020F90C /* Staging */,
				301BF52D109A57CC0062928A /* CordovaLib.xcodeproj */,
				080E96DDFE201D6D7F000001 /* Classes */,
				307C750510C5A3420062BCA9 /* Plugins */,
				29B97315FDCFA39411CA2CEA /* Other Sources */,
				29B97317FDCFA39411CA2CEA /* Resources */,
				29B97323FDCFA39411CA2CEA /* Frameworks */,
				19C28FACFE9D520D11CA2CBB /* Products */,
			);
			name = CustomTemplate;
			sourceTree = "<group>";
		};
		29B97315FDCFA39411CA2CEA /* Other Sources */ = {
			isa = PBXGroup;
			children = (
				32CA4F630368D1EE00C91783 /* 直播潞安-Prefix.pch */,
				29B97316FDCFA39411CA2CEA /* main.m */,
				ED33DF2A687741AEAF9F8254 /* Bridging-Header.h */,
			);
			name = "Other Sources";
			path = "直播潞安";
			sourceTree = "<group>";
		};
		29B97317FDCFA39411CA2CEA /* Resources */ = {
			isa = PBXGroup;
			children = (
				0207DA571B56EA530066E2B4 /* Images.xcassets */,
				3047A50E1AB8057F00498E2A /* config */,
				8D1107310486CEB800E47090 /* 直播潞安-Info.plist */,
				FA3F2154512343939D857751 /* ELCAlbumPickerController.xib */,
				F24BD26987FA4151B6B37FDD /* ELCAssetPicker.xib */,
				2A1DE5558CE34BA097BDAF41 /* ELCAssetTablePicker.xib */,
				1CCC599D5141474D9A5F9569 /* Overlay.png */,
				6C5DF808CEEE469EA0A8DE0B /* Overlay@2x.png */,
			);
			name = Resources;
			path = "直播潞安/Resources";
			sourceTree = "<group>";
		};
		29B97323FDCFA39411CA2CEA /* Frameworks */ = {
			isa = PBXGroup;
			children = (
				B3F3219A9D864DF8BF62AC43 /* ImageIO.framework */,
				32572B21059143FBAA312DDC /* CoreLocation.framework */,
				08608B465768499BB738C655 /* AVFoundation.framework */,
				B2A277E684584B01A8232AF8 /* QuartzCore.framework */,
				A6C3A010F060492B82F8FB95 /* libWeChatSDK.a */,
				A180237B40524497B39DF9FC /* libz.tbd */,
				8A272E75DC3A461B85A274C6 /* libsqlite3.0.tbd */,
				0669AC533C874950AF31A262 /* CoreTelephony.framework */,
				1CB974BA495D47C8995C8B11 /* SystemConfiguration.framework */,
				20CD3462183A4EF0BD328205 /* Security.framework */,
				17D7B000DA7047569CC2C6F2 /* CFNetwork.framework */,
				209DB455CDE74B9DA1B2CBC2 /* libstdc++.6.tbd */,
			);
			name = Frameworks;
			sourceTree = "<group>";
		};
		301BF52E109A57CC0062928A /* Products */ = {
			isa = PBXGroup;
			children = (
				301BF535109A57CC0062928A /* libCordova.a */,
			);
			name = Products;
			sourceTree = "<group>";
		};
		3047A50E1AB8057F00498E2A /* config */ = {
			isa = PBXGroup;
			children = (
				3047A50F1AB8059700498E2A /* build-debug.xcconfig */,
				3047A5101AB8059700498E2A /* build-release.xcconfig */,
				3047A5111AB8059700498E2A /* build.xcconfig */,
			);
			name = config;
			sourceTree = "<group>";
		};
		307C750510C5A3420062BCA9 /* Plugins */ = {
			isa = PBXGroup;
			children = (
				E646567B249B47CB91F705CA /* YoikScreenOrientation.m */,
				3E0A272D6A8845C6BB6B265C /* CDVViewController+UpdateSupportedOrientations.m */,
				5E4C7B0C69244759935671DA /* YoikScreenOrientation.h */,
				FD8E88AA0AF94D0099A2B96B /* CDVViewController+UpdateSupportedOrientations.h */,
				A7092BFD3AEE44679ED35203 /* UIImage+CropScaleOrientation.m */,
				126F0C14E9BB4542BE83B021 /* CDVCamera.m */,
				ED7090D601D345EA8A64CE6D /* CDVJpegHeaderWriter.m */,
				D97AABBB8A824994994B2923 /* UIImage+CropScaleOrientation.h */,
				463DB434C9764B2B9B426D4D /* CDVCamera.h */,
				F5831A0039E3480DB9D3F8F6 /* CDVJpegHeaderWriter.h */,
				A1B8C5602CFD46AE8B72D4F9 /* CDVExif.h */,
				EF39E11BEECD456DA366085E /* CDVLogger.m */,
				034941311FB141628DCA102A /* CDVLogger.h */,
				826B323833FD4199ABF9E5A2 /* CDVDevice.m */,
				6B58B22FAADD4CCE8253016D /* CDVDevice.h */,
				518F08F69A71401D9F2295F6 /* CDVFile.m */,
				01B0DFD268B942179856C01A /* CDVLocalFilesystem.m */,
				7BE81990DF7D443CBA02393F /* CDVAssetLibraryFilesystem.m */,
				0B49D4D689344F469BD2A5CE /* CDVFile.h */,
				7E77AF57C49C4E50A7CDAA78 /* CDVLocalFilesystem.h */,
				6475D250691A4F1EBA0FA6FB /* CDVAssetLibraryFilesystem.h */,
				3FE7C19231B14C5ABFC9192B /* CDVFileTransfer.m */,
				177FD4CDBF7D4FC08EEF2339 /* CDVFileTransfer.h */,
				1281F8BFF73045788BAC4FD4 /* SOSPicker.m */,
				0D8CA845A4674B95A2C94372 /* ELCAlbumPickerController.m */,
				20F5DA41ED244DE8844BE959 /* ELCAsset.m */,
				74B29F4BEC8941F789540491 /* ELCAssetCell.m */,
				93CB2CC9DDA64D7AB84F8471 /* ELCAssetTablePicker.m */,
				82EE6370FC5047DBAA32E515 /* ELCImagePickerController.m */,
				85322778336F4DD99B2740BA /* SOSPicker.h */,
				EF0E833521B0444AA9A6C5C9 /* ELCAlbumPickerController.h */,
				B53D3829B5D8426AA299A7CA /* ELCAsset.h */,
				A2308B1E58984C82B543316F /* ELCAssetCell.h */,
				8E74FDD786FB4F51A8AA64B9 /* ELCAssetPickerFilterDelegate.h */,
				FD0DACB67B704911BDAE276D /* ELCAssetSelectionDelegate.h */,
				FF25B831B1334EC481D0CE86 /* ELCAssetTablePicker.h */,
				5D5CD6C1785F44ADA1D5BA39 /* ELCImagePickerController.h */,
				F6DB245E061F4A41A4E1120A /* CDVSplashScreen.m */,
				F325DC8EC32C4CCDBF098F62 /* CDVViewController+SplashScreen.m */,
				6E73AB90F683449B9797D72B /* CDVSplashScreen.h */,
				7C6C980382FF42B0810AF086 /* CDVViewController+SplashScreen.h */,
				5459A64185C8433884DEB108 /* CDVStatusBar.m */,
				C45507098FFC42B8A1D9BD46 /* CDVStatusBar.h */,
				D8A60BD239CD460FB86EC800 /* IonicKeyboard.m */,
				95B198108A4F47BCAAB8FD83 /* IonicKeyboard.h */,
				8DA6157BE9924E3CBF2F8BFE /* Toast+UIView.m */,
				845BB4D32F014AC9A260B277 /* Toast.m */,
				86A442EC373142378BB3B92F /* Toast+UIView.h */,
				97B03F94D1514F9681A84802 /* Toast.h */,
				E913E1CD67CD4D15B9D99906 /* CDVWechat.m */,
				F2BEFD7AE75443CBAB0A9845 /* CDVWechat.h */,
				99ABABEAEDC342748AD8E862 /* WXApi.h */,
				A753944E1E7040809548C15F /* WXApiObject.h */,
				6614F8150150424A86578C7F /* Canvas2ImagePlugin.m */,
				5F8328D7ACF14393B580E51B /* Canvas2ImagePlugin.h */,
				7D3DAE0DDDE442EF83C2716F /* AppVersion.m */,
				6DE98C3B688F498FB9FF40B4 /* AppVersion.h */,
				2D2233E19B79408BA625938F /* FileOpener2.m */,
				046B7270594C434195A876FF /* FileOpener2.h */,
			);
			name = Plugins;
			path = "直播潞安/Plugins";
			sourceTree = SOURCE_ROOT;
		};
		EB87FDF11871DA420020F90C /* Staging */ = {
			isa = PBXGroup;
			children = (
				F840E1F0165FE0F500CFE078 /* config.xml */,
				301BF56E109A69640062928A /* www */,
			);
			name = Staging;
			sourceTree = "<group>";
		};
/* End PBXGroup section */

/* Begin PBXNativeTarget section */
		1D6058900D05DD3D006BFB54 /* 直播潞安 */ = {
			isa = PBXNativeTarget;
			buildConfigurationList = 1D6058960D05DD3E006BFB54 /* Build configuration list for PBXNativeTarget "直播潞安" */;
			buildPhases = (
				304B58A110DAC018002A0835 /* Copy www directory */,
				1D60588D0D05DD3D006BFB54 /* Resources */,
				1D60588E0D05DD3D006BFB54 /* Sources */,
				1D60588F0D05DD3D006BFB54 /* Frameworks */,
			);
			buildRules = (
			);
			dependencies = (
				301BF551109A68C00062928A /* PBXTargetDependency */,
			);
			name = "直播潞安";
			productName = "直播潞安";
			productReference = 1D6058910D05DD3D006BFB54 /* 直播潞安.app */;
			productType = "com.apple.product-type.application";
		};
/* End PBXNativeTarget section */

/* Begin PBXProject section */
		29B97313FDCFA39411CA2CEA /* Project object */ = {
			isa = PBXProject;
			attributes = {
				LastUpgradeCheck = 510;
				TargetAttributes = {
					1D6058900D05DD3D006BFB54 = {
						DevelopmentTeam = M483783L2T;
					};
				};
			};
			buildConfigurationList = C01FCF4E08A954540054247B /* Build configuration list for PBXProject "直播潞安" */;
			compatibilityVersion = "Xcode 3.2";
			developmentRegion = English;
			hasScannedForEncodings = 1;
			knownRegions = (
				en,
			);
			mainGroup = 29B97314FDCFA39411CA2CEA /* CustomTemplate */;
			projectDirPath = "";
			projectReferences = (
				{
					ProductGroup = 301BF52E109A57CC0062928A /* Products */;
					ProjectRef = 301BF52D109A57CC0062928A /* CordovaLib.xcodeproj */;
				},
			);
			projectRoot = "";
			targets = (
				1D6058900D05DD3D006BFB54 /* 直播潞安 */,
			);
		};
/* End PBXProject section */

/* Begin PBXReferenceProxy section */
		301BF535109A57CC0062928A /* libCordova.a */ = {
			isa = PBXReferenceProxy;
			fileType = archive.ar;
			path = libCordova.a;
			remoteRef = 301BF534109A57CC0062928A /* PBXContainerItemProxy */;
			sourceTree = BUILT_PRODUCTS_DIR;
		};
/* End PBXReferenceProxy section */

/* Begin PBXResourcesBuildPhase section */
		1D60588D0D05DD3D006BFB54 /* Resources */ = {
			isa = PBXResourcesBuildPhase;
			buildActionMask = 2147483647;
			files = (
				302D95F214D2391D003F00A1 /* MainViewController.xib in Resources */,
				0207DA581B56EA530066E2B4 /* Images.xcassets in Resources */,
				C27369C5925242EE88880001 /* ELCAlbumPickerController.xib in Resources */,
				4B0D73CC632D4901A03C398E /* ELCAssetPicker.xib in Resources */,
				E4240A5E64E941FB82E83D7E /* ELCAssetTablePicker.xib in Resources */,
				D85B030DC2744F6183BC4D36 /* Overlay.png in Resources */,
				017882379B6E4C3BA1DE4498 /* Overlay@2x.png in Resources */,
			);
			runOnlyForDeploymentPostprocessing = 0;
		};
/* End PBXResourcesBuildPhase section */

/* Begin PBXShellScriptBuildPhase section */
		304B58A110DAC018002A0835 /* Copy www directory */ = {
			isa = PBXShellScriptBuildPhase;
			buildActionMask = 2147483647;
			files = (
			);
			inputPaths = (
			);
			name = "Copy www directory";
			outputPaths = (
			);
			runOnlyForDeploymentPostprocessing = 0;
			shellPath = /bin/sh;
			shellScript = "NODEJS_PATH=/usr/local/bin; NVM_NODE_PATH=~/.nvm/versions/node/`nvm version 2>/dev/null`/bin; N_NODE_PATH=`find /usr/local/n/versions/node/* -maxdepth 0 -type d 2>/dev/null | tail -1`/bin; XCODE_NODE_PATH=`xcode-select --print-path`/usr/share/xcs/Node/bin; PATH=$NODEJS_PATH:$NVM_NODE_PATH:$N_NODE_PATH:$XCODE_NODE_PATH:$PATH && node cordova/lib/copy-www-build-step.js";
			showEnvVarsInLog = 0;
		};
/* End PBXShellScriptBuildPhase section */

/* Begin PBXSourcesBuildPhase section */
		1D60588E0D05DD3D006BFB54 /* Sources */ = {
			isa = PBXSourcesBuildPhase;
			buildActionMask = 2147483647;
			files = (
				1D60589B0D05DD56006BFB54 /* main.m in Sources */,
				1D3623260D0F684500981E51 /* AppDelegate.m in Sources */,
				302D95F114D2391D003F00A1 /* MainViewController.m in Sources */,
				5188F04E2EF54DEC83BB5EC3 /* YoikScreenOrientation.m in Sources */,
				D2018246E4404CABBC1D5597 /* CDVViewController+UpdateSupportedOrientations.m in Sources */,
				959D7C7A0B114696A650D322 /* UIImage+CropScaleOrientation.m in Sources */,
				F403D40461494AA5A4070A18 /* CDVCamera.m in Sources */,
				2777E3C279464692B0DB8355 /* CDVJpegHeaderWriter.m in Sources */,
				3514BCEF8B134243ACCA6799 /* CDVLogger.m in Sources */,
				0BB05AADBE9B425FACBFE0B7 /* CDVDevice.m in Sources */,
				567CC121EB2846748EF5D79A /* CDVFile.m in Sources */,
				16BEEF1A81904D7E9B84DF22 /* CDVLocalFilesystem.m in Sources */,
				483FE02B3A264976947FBACB /* CDVAssetLibraryFilesystem.m in Sources */,
				F56125D04CC0442A8B56A68C /* CDVFileTransfer.m in Sources */,
				2717E08E11434B3A9C793E12 /* SOSPicker.m in Sources */,
				45C086897CA2474DB6F821B2 /* ELCAlbumPickerController.m in Sources */,
				31274A57AD424B65BB3F5626 /* ELCAsset.m in Sources */,
				6034B0842A314B81B6A0499C /* ELCAssetCell.m in Sources */,
				EBA9A220D69C4D1E9967B69B /* ELCAssetTablePicker.m in Sources */,
				B115B967DFB8404AA793CD33 /* ELCImagePickerController.m in Sources */,
				6C6DB5DF58C14A3AAB829827 /* CDVSplashScreen.m in Sources */,
				E176F320F573491E9D46B76F /* CDVViewController+SplashScreen.m in Sources */,
				84B1F2F0EF6849AC8A568795 /* CDVStatusBar.m in Sources */,
				B2052478D2A84155BAE6850B /* IonicKeyboard.m in Sources */,
				C3EED7FAB21C41519A096115 /* Toast+UIView.m in Sources */,
				A153567AC21B4F4BAAC4E2FF /* Toast.m in Sources */,
				6121515CCF634DC98A4D6A8F /* CDVWechat.m in Sources */,
				CB90AF22726B4D488E5A4988 /* Canvas2ImagePlugin.m in Sources */,
				CB441CFB684A436AB6853D78 /* AppVersion.m in Sources */,
				3A83C874B255424EA99E08B9 /* FileOpener2.m in Sources */,
			);
			runOnlyForDeploymentPostprocessing = 0;
		};
/* End PBXSourcesBuildPhase section */

/* Begin PBXTargetDependency section */
		301BF551109A68C00062928A /* PBXTargetDependency */ = {
			isa = PBXTargetDependency;
			name = CordovaLib;
			targetProxy = 301BF550109A68C00062928A /* PBXContainerItemProxy */;
		};
/* End PBXTargetDependency section */

/* Begin XCBuildConfiguration section */
		1D6058940D05DD3E006BFB54 /* Debug */ = {
			isa = XCBuildConfiguration;
			baseConfigurationReference = 3047A50F1AB8059700498E2A /* build-debug.xcconfig */;
			buildSettings = {
				ALWAYS_SEARCH_USER_PATHS = NO;
				ASSETCATALOG_COMPILER_APPICON_NAME = AppIcon;
				ASSETCATALOG_COMPILER_LAUNCHIMAGE_NAME = LaunchImage;
				CLANG_ENABLE_MODULES = YES;
				CLANG_ENABLE_OBJC_ARC = YES;
				CODE_SIGN_IDENTITY = "iPhone Developer";
				COPY_PHASE_STRIP = NO;
				DEVELOPMENT_TEAM = M483783L2T;
				GCC_DYNAMIC_NO_PIC = NO;
				GCC_OPTIMIZATION_LEVEL = 0;
				GCC_PRECOMPILE_PREFIX_HEADER = YES;
				GCC_PREFIX_HEADER = "直播潞安/直播潞安-Prefix.pch";
				GCC_THUMB_SUPPORT = NO;
				GCC_VERSION = "";
				INFOPLIST_FILE = "直播潞安/直播潞安-Info.plist";
				LD_RUNPATH_SEARCH_PATHS = "@executable_path/Frameworks";
				LIBRARY_SEARCH_PATHS = (
					"$(inherited)",
					"\"$(SRCROOT)/直播潞安/Plugins/cordova-plugin-wechat\"",
				);
				PRODUCT_BUNDLE_IDENTIFIER = com.chinaluan.newscenter;
				PRODUCT_NAME = "直播潞安";
			};
			name = Debug;
		};
		1D6058950D05DD3E006BFB54 /* Release */ = {
			isa = XCBuildConfiguration;
			baseConfigurationReference = 3047A5101AB8059700498E2A /* build-release.xcconfig */;
			buildSettings = {
				ALWAYS_SEARCH_USER_PATHS = NO;
				ASSETCATALOG_COMPILER_APPICON_NAME = AppIcon;
				ASSETCATALOG_COMPILER_LAUNCHIMAGE_NAME = LaunchImage;
				CLANG_ENABLE_MODULES = YES;
				CLANG_ENABLE_OBJC_ARC = YES;
				CODE_SIGN_IDENTITY = "iPhone Developer";
				COPY_PHASE_STRIP = YES;
				DEVELOPMENT_TEAM = M483783L2T;
				GCC_PRECOMPILE_PREFIX_HEADER = YES;
				GCC_PREFIX_HEADER = "直播潞安/直播潞安-Prefix.pch";
				GCC_THUMB_SUPPORT = NO;
				GCC_VERSION = "";
				INFOPLIST_FILE = "直播潞安/直播潞安-Info.plist";
				LIBRARY_SEARCH_PATHS = (
					"$(inherited)",
					"\"$(SRCROOT)/直播潞安/Plugins/cordova-plugin-wechat\"",
				);
				PRODUCT_BUNDLE_IDENTIFIER = com.chinaluan.newscenter;
				PRODUCT_NAME = "直播潞安";
			};
			name = Release;
		};
		C01FCF4F08A954540054247B /* Debug */ = {
			isa = XCBuildConfiguration;
			baseConfigurationReference = 3047A5111AB8059700498E2A /* build.xcconfig */;
			buildSettings = {
				CLANG_ENABLE_MODULES = YES;
				CLANG_ENABLE_OBJC_ARC = YES;
				CLANG_WARN_BOOL_CONVERSION = YES;
				CLANG_WARN_CONSTANT_CONVERSION = YES;
				CLANG_WARN_EMPTY_BODY = YES;
				CLANG_WARN_ENUM_CONVERSION = YES;
				CLANG_WARN_INT_CONVERSION = YES;
				CLANG_WARN__DUPLICATE_METHOD_MATCH = YES;
				GCC_C_LANGUAGE_STANDARD = c99;
				GCC_THUMB_SUPPORT = NO;
				GCC_VERSION = "";
				GCC_WARN_ABOUT_RETURN_TYPE = YES;
				GCC_WARN_UNDECLARED_SELECTOR = YES;
				GCC_WARN_UNINITIALIZED_AUTOS = YES;
				GCC_WARN_UNUSED_FUNCTION = YES;
				GCC_WARN_UNUSED_VARIABLE = YES;
				LIBRARY_SEARCH_PATHS = (
					"$(inherited)",
					"\"$(SRCROOT)/直播潞安/Plugins/cordova-plugin-wechat\"",
				);
				ONLY_ACTIVE_ARCH = YES;
				PRODUCT_NAME = "直播潞安";
				SDKROOT = iphoneos;
				SKIP_INSTALL = NO;
			};
			name = Debug;
		};
		C01FCF5008A954540054247B /* Release */ = {
			isa = XCBuildConfiguration;
			baseConfigurationReference = 3047A5111AB8059700498E2A /* build.xcconfig */;
			buildSettings = {
				CLANG_ENABLE_MODULES = YES;
				CLANG_ENABLE_OBJC_ARC = YES;
				CLANG_WARN_BOOL_CONVERSION = YES;
				CLANG_WARN_CONSTANT_CONVERSION = YES;
				CLANG_WARN_EMPTY_BODY = YES;
				CLANG_WARN_ENUM_CONVERSION = YES;
				CLANG_WARN_INT_CONVERSION = YES;
				CLANG_WARN__DUPLICATE_METHOD_MATCH = YES;
				GCC_C_LANGUAGE_STANDARD = c99;
				GCC_THUMB_SUPPORT = NO;
				GCC_VERSION = "";
				GCC_WARN_ABOUT_RETURN_TYPE = YES;
				GCC_WARN_UNDECLARED_SELECTOR = YES;
				GCC_WARN_UNINITIALIZED_AUTOS = YES;
				GCC_WARN_UNUSED_FUNCTION = YES;
				GCC_WARN_UNUSED_VARIABLE = YES;
				LIBRARY_SEARCH_PATHS = (
					"$(inherited)",
					"\"$(SRCROOT)/直播潞安/Plugins/cordova-plugin-wechat\"",
				);
				PRODUCT_NAME = "直播潞安";
				SDKROOT = iphoneos;
				SKIP_INSTALL = NO;
			};
			name = Release;
		};
/* End XCBuildConfiguration section */

/* Begin XCConfigurationList section */
		1D6058960D05DD3E006BFB54 /* Build configuration list for PBXNativeTarget "直播潞安" */ = {
			isa = XCConfigurationList;
			buildConfigurations = (
				1D6058940D05DD3E006BFB54 /* Debug */,
				1D6058950D05DD3E006BFB54 /* Release */,
			);
			defaultConfigurationIsVisible = 0;
			defaultConfigurationName = Release;
		};
		C01FCF4E08A954540054247B /* Build configuration list for PBXProject "直播潞安" */ = {
			isa = XCConfigurationList;
			buildConfigurations = (
				C01FCF4F08A954540054247B /* Debug */,
				C01FCF5008A954540054247B /* Release */,
			);
			defaultConfigurationIsVisible = 0;
			defaultConfigurationName = Release;
		};
/* End XCConfigurationList section */
	};
	rootObject = 29B97313FDCFA39411CA2CEA /* Project object */;
}
